# THIS IS AN AUTOGENERATED FILE. DO NOT EDIT THIS FILE DIRECTLY.
# yarn lockfile v1


"node-bin-setup@^1.0.0":
  "integrity" "sha512-pTeU6NgUrexiLNtd+AKwvg6cngHMvj5FZ5e2bbv2ogBSIc9yhkXSSaTScfSRZnwHIh5YFmYSYlemLWkiKD7rog=="
  "resolved" "https://registry.npmjs.org/node-bin-setup/-/node-bin-setup-1.1.0.tgz"
  "version" "1.1.0"

"node@^16.6.1":
  "integrity" "sha512-qlIQ5vkAAMP+T1bYivwngIqZlUzerPSeaeAQVUvyQ2XZ8WN86ZUdzcpkW/iuEnP9paNcpAsA4p9yCsfrdjG7YQ=="
  "resolved" "https://registry.npmjs.org/node/-/node-16.6.1.tgz"
  "version" "16.6.1"
  dependencies:
    "node-bin-setup" "^1.0.0"
